
Microsoft Visual Studio Solution File, Format Version 12.00
# Visual Studio Version 17
VisualStudioVersion = 17.5.33502.453
MinimumVisualStudioVersion = 10.0.40219.1
Project("{FAE04EC0-301F-11D3-BF4B-00C04F79EFBC}") = "AppNotasProyecto_MCLG.Android", "AppNotasProyecto_MCLG\AppNotasProyecto_MCLG.Android\AppNotasProyecto_MCLG.Android.csproj", "{3F8E1B63-3849-4868-9DA5-0EDAFD936654}"
EndProject
Project("{FAE04EC0-301F-11D3-BF4B-00C04F79EFBC}") = "AppNotasProyecto_MCLG.iOS", "AppNotasProyecto_MCLG\AppNotasProyecto_MCLG.iOS\AppNotasProyecto_MCLG.iOS.csproj", "{492993B5-6842-43E8-A83E-5155C0FD89C1}"
EndProject
Project("{FAE04EC0-301F-11D3-BF4B-00C04F79EFBC}") = "AppNotasProyecto_MCLG", "AppNotasProyecto_MCLG\AppNotasProyecto_MCLG\AppNotasProyecto_MCLG.csproj", "{AF4A6FA2-8EE3-495E-A8B1-08B912A01873}"
EndProject
Global
	GlobalSection(SolutionConfigurationPlatforms) = preSolution
		Debug|Any CPU = Debug|Any CPU
		Debug|iPhone = Debug|iPhone
		Debug|iPhoneSimulator = Debug|iPhoneSimulator
		Release|Any CPU = Release|Any CPU
		Release|iPhone = Release|iPhone
		Release|iPhoneSimulator = Release|iPhoneSimulator
	EndGlobalSection
	GlobalSection(ProjectConfigurationPlatforms) = postSolution
		{3F8E1B63-3849-4868-9DA5-0EDAFD936654}.Debug|Any CPU.ActiveCfg = Debug|Any CPU
		{3F8E1B63-3849-4868-9DA5-0EDAFD936654}.Debug|Any CPU.Build.0 = Debug|Any CPU
		{3F8E1B63-3849-4868-9DA5-0EDAFD936654}.Debug|Any CPU.Deploy.0 = Debug|Any CPU
		{3F8E1B63-3849-4868-9DA5-0EDAFD936654}.Debug|iPhone.ActiveCfg = Debug|Any CPU
		{3F8E1B63-3849-4868-9DA5-0EDAFD936654}.Debug|iPhone.Build.0 = Debug|Any CPU
		{3F8E1B63-3849-4868-9DA5-0EDAFD936654}.Debug|iPhone.Deploy.0 = Debug|Any CPU
		{3F8E1B63-3849-4868-9DA5-0EDAFD936654}.Debug|iPhoneSimulator.ActiveCfg = Debug|Any CPU
		{3F8E1B63-3849-4868-9DA5-0EDAFD936654}.Debug|iPhoneSimulator.Build.0 = Debug|Any CPU
		{3F8E1B63-3849-4868-9DA5-0EDAFD936654}.Debug|iPhoneSimulator.Deploy.0 = Debug|Any CPU
		{3F8E1B63-3849-4868-9DA5-0EDAFD936654}.Release|Any CPU.ActiveCfg = Release|Any CPU
		{3F8E1B63-3849-4868-9DA5-0EDAFD936654}.Release|Any CPU.Build.0 = Release|Any CPU
		{3F8E1B63-3849-4868-9DA5-0EDAFD936654}.Release|Any CPU.Deploy.0 = Release|Any CPU
		{3F8E1B63-3849-4868-9DA5-0EDAFD936654}.Release|iPhone.ActiveCfg = Release|Any CPU
		{3F8E1B63-3849-4868-9DA5-0EDAFD936654}.Release|iPhone.Build.0 = Release|Any CPU
		{3F8E1B63-3849-4868-9DA5-0EDAFD936654}.Release|iPhone.Deploy.0 = Release|Any CPU
		{3F8E1B63-3849-4868-9DA5-0EDAFD936654}.Release|iPhoneSimulator.ActiveCfg = Release|Any CPU
		{3F8E1B63-3849-4868-9DA5-0EDAFD936654}.Release|iPhoneSimulator.Build.0 = Release|Any CPU
		{3F8E1B63-3849-4868-9DA5-0EDAFD936654}.Release|iPhoneSimulator.Deploy.0 = Release|Any CPU
		{492993B5-6842-43E8-A83E-5155C0FD89C1}.Debug|Any CPU.ActiveCfg = Debug|iPhone
		{492993B5-6842-43E8-A83E-5155C0FD89C1}.Debug|Any CPU.Build.0 = Debug|iPhone
		{492993B5-6842-43E8-A83E-5155C0FD89C1}.Debug|Any CPU.Deploy.0 = Debug|iPhone
		{492993B5-6842-43E8-A83E-5155C0FD89C1}.Debug|iPhone.ActiveCfg = Debug|iPhone
		{492993B5-6842-43E8-A83E-5155C0FD89C1}.Debug|iPhone.Build.0 = Debug|iPhone
		{492993B5-6842-43E8-A83E-5155C0FD89C1}.Debug|iPhone.Deploy.0 = Debug|iPhone
		{492993B5-6842-43E8-A83E-5155C0FD89C1}.Debug|iPhoneSimulator.ActiveCfg = Debug|iPhoneSimulator
		{492993B5-6842-43E8-A83E-5155C0FD89C1}.Debug|iPhoneSimulator.Build.0 = Debug|iPhoneSimulator
		{492993B5-6842-43E8-A83E-5155C0FD89C1}.Debug|iPhoneSimulator.Deploy.0 = Debug|iPhoneSimulator
		{492993B5-6842-43E8-A83E-5155C0FD89C1}.Release|Any CPU.ActiveCfg = Release|iPhoneSimulator
		{492993B5-6842-43E8-A83E-5155C0FD89C1}.Release|Any CPU.Build.0 = Release|iPhoneSimulator
		{492993B5-6842-43E8-A83E-5155C0FD89C1}.Release|Any CPU.Deploy.0 = Release|iPhoneSimulator
		{492993B5-6842-43E8-A83E-5155C0FD89C1}.Release|iPhone.ActiveCfg = Release|iPhone
		{492993B5-6842-43E8-A83E-5155C0FD89C1}.Release|iPhone.Build.0 = Release|iPhone
		{492993B5-6842-43E8-A83E-5155C0FD89C1}.Release|iPhone.Deploy.0 = Release|iPhone
		{492993B5-6842-43E8-A83E-5155C0FD89C1}.Release|iPhoneSimulator.ActiveCfg = Release|iPhoneSimulator
		{492993B5-6842-43E8-A83E-5155C0FD89C1}.Release|iPhoneSimulator.Build.0 = Release|iPhoneSimulator
		{492993B5-6842-43E8-A83E-5155C0FD89C1}.Release|iPhoneSimulator.Deploy.0 = Release|iPhoneSimulator
		{AF4A6FA2-8EE3-495E-A8B1-08B912A01873}.Debug|Any CPU.ActiveCfg = Debug|Any CPU
		{AF4A6FA2-8EE3-495E-A8B1-08B912A01873}.Debug|Any CPU.Build.0 = Debug|Any CPU
		{AF4A6FA2-8EE3-495E-A8B1-08B912A01873}.Debug|Any CPU.Deploy.0 = Debug|Any CPU
		{AF4A6FA2-8EE3-495E-A8B1-08B912A01873}.Debug|iPhone.ActiveCfg = Debug|Any CPU
		{AF4A6FA2-8EE3-495E-A8B1-08B912A01873}.Debug|iPhone.Build.0 = Debug|Any CPU
		{AF4A6FA2-8EE3-495E-A8B1-08B912A01873}.Debug|iPhone.Deploy.0 = Debug|Any CPU
		{AF4A6FA2-8EE3-495E-A8B1-08B912A01873}.Debug|iPhoneSimulator.ActiveCfg = Debug|Any CPU
		{AF4A6FA2-8EE3-495E-A8B1-08B912A01873}.Debug|iPhoneSimulator.Build.0 = Debug|Any CPU
		{AF4A6FA2-8EE3-495E-A8B1-08B912A01873}.Debug|iPhoneSimulator.Deploy.0 = Debug|Any CPU
		{AF4A6FA2-8EE3-495E-A8B1-08B912A01873}.Release|Any CPU.ActiveCfg = Release|Any CPU
		{AF4A6FA2-8EE3-495E-A8B1-08B912A01873}.Release|Any CPU.Build.0 = Release|Any CPU
		{AF4A6FA2-8EE3-495E-A8B1-08B912A01873}.Release|Any CPU.Deploy.0 = Release|Any CPU
		{AF4A6FA2-8EE3-495E-A8B1-08B912A01873}.Release|iPhone.ActiveCfg = Release|Any CPU
		{AF4A6FA2-8EE3-495E-A8B1-08B912A01873}.Release|iPhone.Build.0 = Release|Any CPU
		{AF4A6FA2-8EE3-495E-A8B1-08B912A01873}.Release|iPhone.Deploy.0 = Release|Any CPU
		{AF4A6FA2-8EE3-495E-A8B1-08B912A01873}.Release|iPhoneSimulator.ActiveCfg = Release|Any CPU
		{AF4A6FA2-8EE3-495E-A8B1-08B912A01873}.Release|iPhoneSimulator.Build.0 = Release|Any CPU
		{AF4A6FA2-8EE3-495E-A8B1-08B912A01873}.Release|iPhoneSimulator.Deploy.0 = Release|Any CPU
	EndGlobalSection
	GlobalSection(SolutionProperties) = preSolution
		HideSolutionNode = FALSE
	EndGlobalSection
	GlobalSection(ExtensibilityGlobals) = postSolution
		SolutionGuid = {8900D140-ED5A-43D0-B517-5AB064983A79}
	EndGlobalSection
EndGlobal
